// !$*UTF8*$!
{
	archiveVersion = 1;
	classes = {
	};
	objectVersion = 55;
	objects = {

/* Begin PBXBuildFile section */
		651D16B4289B0A47003BBC13 /* AppIcons in Resources */ = {isa = PBXBuildFile; fileRef = 651D16B3289B0A47003BBC13 /* AppIcons */; };
		651D16B6289B0AE9003BBC13 /* Assets2.xcassets in Resources */ = {isa = PBXBuildFile; fileRef = 651D16B5289B0A53003BBC13 /* Assets2.xcassets */; };
		68B72C1E288B1895007293AA /* AppDelegate.swift in Sources */ = {isa = PBXBuildFile; fileRef = 68B72C1D288B1895007293AA /* AppDelegate.swift */; };
		68B72C20288B1895007293AA /* SceneDelegate.swift in Sources */ = {isa = PBXBuildFile; fileRef = 68B72C1F288B1895007293AA /* SceneDelegate.swift */; };
		68B72C22288B1895007293AA /* ViewController.swift in Sources */ = {isa = PBXBuildFile; fileRef = 68B72C21288B1895007293AA /* ViewController.swift */; };
		68B72C25288B1895007293AA /* Main.storyboard in Resources */ = {isa = PBXBuildFile; fileRef = 68B72C23288B1895007293AA /* Main.storyboard */; };
		68B72C27288B1897007293AA /* Assets.xcassets in Resources */ = {isa = PBXBuildFile; fileRef = 68B72C26288B1897007293AA /* Assets.xcassets */; };
		68B72C2A288B1897007293AA /* LaunchScreen.storyboard in Resources */ = {isa = PBXBuildFile; fileRef = 68B72C28288B1897007293AA /* LaunchScreen.storyboard */; };
		68B72C32288B24C7007293AA /* trash-can-icon-vector-13490171.jpeg in Resources */ = {isa = PBXBuildFile; fileRef = 68B72C31288B24C7007293AA /* trash-can-icon-vector-13490171.jpeg */; };
		68B72C34288B2541007293AA /* windows.png in Resources */ = {isa = PBXBuildFile; fileRef = 68B72C33288B2541007293AA /* windows.png */; };
		68B72C36288B423D007293AA /* ViewControllerLogger.swift in Sources */ = {isa = PBXBuildFile; fileRef = 68B72C35288B423D007293AA /* ViewControllerLogger.swift */; };
		68B72C38288B42F0007293AA /* AppTimer.swift in Sources */ = {isa = PBXBuildFile; fileRef = 68B72C37288B42F0007293AA /* AppTimer.swift */; };
		68B72C3A288B538F007293AA /* pan.jpg in Resources */ = {isa = PBXBuildFile; fileRef = 68B72C39288B538F007293AA /* pan.jpg */; };
		68B72C3C288B5C46007293AA /* Extensions.swift in Sources */ = {isa = PBXBuildFile; fileRef = 68B72C3B288B5C46007293AA /* Extensions.swift */; };
/* End PBXBuildFile section */

/* Begin PBXFileReference section */
		651D16B3289B0A47003BBC13 /* AppIcons */ = {isa = PBXFileReference; lastKnownFileType = folder; path = AppIcons; sourceTree = "<group>"; };
		651D16B5289B0A53003BBC13 /* Assets2.xcassets */ = {isa = PBXFileReference; lastKnownFileType = folder.assetcatalog; name = Assets2.xcassets; path = AppIcons/Assets2.xcassets; sourceTree = "<group>"; };
		68B72C1A288B1895007293AA /* gestureTrasher.app */ = {isa = PBXFileReference; explicitFileType = wrapper.application; includeInIndex = 0; path = gestureTrasher.app; sourceTree = BUILT_PRODUCTS_DIR; };
		68B72C1D288B1895007293AA /* AppDelegate.swift */ = {isa = PBXFileReference; lastKnownFileType = sourcecode.swift; path = AppDelegate.swift; sourceTree = "<group>"; };
		68B72C1F288B1895007293AA /* SceneDelegate.swift */ = {isa = PBXFileReference; lastKnownFileType = sourcecode.swift; path = SceneDelegate.swift; sourceTree = "<group>"; };
		68B72C21288B1895007293AA /* ViewController.swift */ = {isa = PBXFileReference; lastKnownFileType = sourcecode.swift; path = ViewController.swift; sourceTree = "<group>"; };
		68B72C24288B1895007293AA /* Base */ = {isa = PBXFileReference; lastKnownFileType = file.storyboard; name = Base; path = Base.lproj/Main.storyboard; sourceTree = "<group>"; };
		68B72C26288B1897007293AA /* Assets.xcassets */ = {isa = PBXFileReference; lastKnownFileType = folder.assetcatalog; path = Assets.xcassets; sourceTree = "<group>"; };
		68B72C29288B1897007293AA /* Base */ = {isa = PBXFileReference; lastKnownFileType = file.storyboard; name = Base; path = Base.lproj/LaunchScreen.storyboard; sourceTree = "<group>"; };
		68B72C2B288B1897007293AA /* Info.plist */ = {isa = PBXFileReference; lastKnownFileType = text.plist.xml; path = Info.plist; sourceTree = "<group>"; };
		68B72C31288B24C7007293AA /* trash-can-icon-vector-13490171.jpeg */ = {isa = PBXFileReference; lastKnownFileType = image.jpeg; path = "trash-can-icon-vector-13490171.jpeg"; sourceTree = SOURCE_ROOT; };
		68B72C33288B2541007293AA /* windows.png */ = {isa = PBXFileReference; lastKnownFileType = image.png; path = windows.png; sourceTree = SOURCE_ROOT; };
		68B72C35288B423D007293AA /* ViewControllerLogger.swift */ = {isa = PBXFileReference; lastKnownFileType = sourcecode.swift; path = ViewControllerLogger.swift; sourceTree = "<group>"; };
		68B72C37288B42F0007293AA /* AppTimer.swift */ = {isa = PBXFileReference; lastKnownFileType = sourcecode.swift; path = AppTimer.swift; sourceTree = "<group>"; };
		68B72C39288B538F007293AA /* pan.jpg */ = {isa = PBXFileReference; lastKnownFileType = image.jpeg; path = pan.jpg; sourceTree = SOURCE_ROOT; };
		68B72C3B288B5C46007293AA /* Extensions.swift */ = {isa = PBXFileReference; lastKnownFileType = sourcecode.swift; path = Extensions.swift; sourceTree = "<group>"; };
/* End PBXFileReference section */

/* Begin PBXFrameworksBuildPhase section */
		68B72C17288B1895007293AA /* Frameworks */ = {
			isa = PBXFrameworksBuildPhase;
			buildActionMask = 2147483647;
			files = (
			);
			runOnlyForDeploymentPostprocessing = 0;
		};
/* End PBXFrameworksBuildPhase section */

/* Begin PBXGroup section */
		68B72C11288B1895007293AA = {
			isa = PBXGroup;
			children = (
				68B72C1C288B1895007293AA /* gestureTrasher */,
				68B72C1B288B1895007293AA /* Products */,
			);
			sourceTree = "<group>";
		};
		68B72C1B288B1895007293AA /* Products */ = {
			isa = PBXGroup;
			children = (
				68B72C1A288B1895007293AA /* gestureTrasher.app */,
			);
			name = Products;
			sourceTree = "<group>";
		};
		68B72C1C288B1895007293AA /* gestureTrasher */ = {
			isa = PBXGroup;
			children = (
				68B72C35288B423D007293AA /* ViewControllerLogger.swift */,
				68B72C1D288B1895007293AA /* AppDelegate.swift */,
				68B72C1F288B1895007293AA /* SceneDelegate.swift */,
				68B72C21288B1895007293AA /* ViewController.swift */,
				68B72C3B288B5C46007293AA /* Extensions.swift */,
				68B72C37288B42F0007293AA /* AppTimer.swift */,
				68B72C23288B1895007293AA /* Main.storyboard */,
				68B72C26288B1897007293AA /* Assets.xcassets */,
				651D16B5289B0A53003BBC13 /* Assets2.xcassets */,
				651D16B3289B0A47003BBC13 /* AppIcons */,
				68B72C33288B2541007293AA /* windows.png */,
				68B72C39288B538F007293AA /* pan.jpg */,
				68B72C31288B24C7007293AA /* trash-can-icon-vector-13490171.jpeg */,
				68B72C28288B1897007293AA /* LaunchScreen.storyboard */,
				68B72C2B288B1897007293AA /* Info.plist */,
			);
			path = gestureTrasher;
			sourceTree = "<group>";
		};
/* End PBXGroup section */

/* Begin PBXNativeTarget section */
		68B72C19288B1895007293AA /* gestureTrasher */ = {
			isa = PBXNativeTarget;
			buildConfigurationList = 68B72C2E288B1897007293AA /* Build configuration list for PBXNativeTarget "gestureTrasher" */;
			buildPhases = (
				68B72C16288B1895007293AA /* Sources */,
				68B72C17288B1895007293AA /* Frameworks */,
				68B72C18288B1895007293AA /* Resources */,
			);
			buildRules = (
			);
			dependencies = (
			);
			name = gestureTrasher;
			productName = gestureTrasher;
			productReference = 68B72C1A288B1895007293AA /* gestureTrasher.app */;
			productType = "com.apple.product-type.application";
		};
/* End PBXNativeTarget section */

/* Begin PBXProject section */
		68B72C12288B1895007293AA /* Project object */ = {
			isa = PBXProject;
			attributes = {
				BuildIndependentTargetsInParallel = 1;
				LastSwiftUpdateCheck = 1340;
				LastUpgradeCheck = 1340;
				TargetAttributes = {
					68B72C19288B1895007293AA = {
						CreatedOnToolsVersion = 13.4.1;
					};
				};
			};
			buildConfigurationList = 68B72C15288B1895007293AA /* Build configuration list for PBXProject "gestureTrasher" */;
			compatibilityVersion = "Xcode 13.0";
			developmentRegion = en;
			hasScannedForEncodings = 0;
			knownRegions = (
				en,
				Base,
			);
			mainGroup = 68B72C11288B1895007293AA;
			productRefGroup = 68B72C1B288B1895007293AA /* Products */;
			projectDirPath = "";
			projectRoot = "";
			targets = (
				68B72C19288B1895007293AA /* gestureTrasher */,
			);
		};
/* End PBXProject section */

/* Begin PBXResourcesBuildPhase section */
		68B72C18288B1895007293AA /* Resources */ = {
			isa = PBXResourcesBuildPhase;
			buildActionMask = 2147483647;
			files = (
				68B72C2A288B1897007293AA /* LaunchScreen.storyboard in Resources */,
				651D16B6289B0AE9003BBC13 /* Assets2.xcassets in Resources */,
				68B72C34288B2541007293AA /* windows.png in Resources */,
				68B72C32288B24C7007293AA /* trash-can-icon-vector-13490171.jpeg in Resources */,
				68B72C3A288B538F007293AA /* pan.jpg in Resources */,
				651D16B4289B0A47003BBC13 /* AppIcons in Resources */,
				68B72C27288B1897007293AA /* Assets.xcassets in Resources */,
				68B72C25288B1895007293AA /* Main.storyboard in Resources */,
			);
			runOnlyForDeploymentPostprocessing = 0;
		};
/* End PBXResourcesBuildPhase section */

/* Begin PBXSourcesBuildPhase section */
		68B72C16288B1895007293AA /* Sources */ = {
			isa = PBXSourcesBuildPhase;
			buildActionMask = 2147483647;
			files = (
				68B72C36288B423D007293AA /* ViewControllerLogger.swift in Sources */,
				68B72C3C288B5C46007293AA /* Extensions.swift in Sources */,
				68B72C22288B1895007293AA /* ViewController.swift in Sources */,
				68B72C38288B42F0007293AA /* AppTimer.swift in Sources */,
				68B72C1E288B1895007293AA /* AppDelegate.swift in Sources */,
				68B72C20288B1895007293AA /* SceneDelegate.swift in Sources */,
			);
			runOnlyForDeploymentPostprocessing = 0;
		};
/* End PBXSourcesBuildPhase section */

/* Begin PBXVariantGroup section */
		68B72C23288B1895007293AA /* Main.storyboard */ = {
			isa = PBXVariantGroup;
			children = (
				68B72C24288B1895007293AA /* Base */,
			);
			name = Main.storyboard;
			sourceTree = "<group>";
		};
		68B72C28288B1897007293AA /* LaunchScreen.storyboard */ = {
			isa = PBXVariantGroup;
			children = (
				68B72C29288B1897007293AA /* Base */,
			);
			name = LaunchScreen.storyboard;
			sourceTree = "<group>";
		};
/* End PBXVariantGroup section */

/* Begin XCBuildConfiguration section */
		68B72C2C288B1897007293AA /* Debug */ = {
			isa = XCBuildConfiguration;
			buildSettings = {
				ALWAYS_SEARCH_USER_PATHS = NO;
				CLANG_ANALYZER_NONNULL = YES;
				CLANG_ANALYZER_NUMBER_OBJECT_CONVERSION = YES_AGGRESSIVE;
				CLANG_CXX_LANGUAGE_STANDARD = "gnu++17";
				CLANG_ENABLE_MODULES = YES;
				CLANG_ENABLE_OBJC_ARC = YES;
				CLANG_ENABLE_OBJC_WEAK = YES;
				CLANG_WARN_BLOCK_CAPTURE_AUTORELEASING = YES;
				CLANG_WARN_BOOL_CONVERSION = YES;
				CLANG_WARN_COMMA = YES;
				CLANG_WARN_CONSTANT_CONVERSION = YES;
				CLANG_WARN_DEPRECATED_OBJC_IMPLEMENTATIONS = YES;
				CLANG_WARN_DIRECT_OBJC_ISA_USAGE = YES_ERROR;
				CLANG_WARN_DOCUMENTATION_COMMENTS = YES;
				CLANG_WARN_EMPTY_BODY = YES;
				CLANG_WARN_ENUM_CONVERSION = YES;
				CLANG_WARN_INFINITE_RECURSION = YES;
				CLANG_WARN_INT_CONVERSION = YES;
				CLANG_WARN_NON_LITERAL_NULL_CONVERSION = YES;
				CLANG_WARN_OBJC_IMPLICIT_RETAIN_SELF = YES;
				CLANG_WARN_OBJC_LITERAL_CONVERSION = YES;
				CLANG_WARN_OBJC_ROOT_CLASS = YES_ERROR;
				CLANG_WARN_QUOTED_INCLUDE_IN_FRAMEWORK_HEADER = YES;
				CLANG_WARN_RANGE_LOOP_ANALYSIS = YES;
				CLANG_WARN_STRICT_PROTOTYPES = YES;
				CLANG_WARN_SUSPICIOUS_MOVE = YES;
				CLANG_WARN_UNGUARDED_AVAILABILITY = YES_AGGRESSIVE;
				CLANG_WARN_UNREACHABLE_CODE = YES;
				CLANG_WARN__DUPLICATE_METHOD_MATCH = YES;
				COPY_PHASE_STRIP = NO;
				DEBUG_INFORMATION_FORMAT = dwarf;
				ENABLE_STRICT_OBJC_MSGSEND = YES;
				ENABLE_TESTABILITY = YES;
				GCC_C_LANGUAGE_STANDARD = gnu11;
				GCC_DYNAMIC_NO_PIC = NO;
				GCC_NO_COMMON_BLOCKS = YES;
				GCC_OPTIMIZATION_LEVEL = 0;
				GCC_PREPROCESSOR_DEFINITIONS = (
					"DEBUG=1",
					"$(inherited)",
				);
				GCC_WARN_64_TO_32_BIT_CONVERSION = YES;
				GCC_WARN_ABOUT_RETURN_TYPE = YES_ERROR;
				GCC_WARN_UNDECLARED_SELECTOR = YES;
				GCC_WARN_UNINITIALIZED_AUTOS = YES_AGGRESSIVE;
				GCC_WARN_UNUSED_FUNCTION = YES;
				GCC_WARN_UNUSED_VARIABLE = YES;
				IPHONEOS_DEPLOYMENT_TARGET = 15.5;
				MTL_ENABLE_DEBUG_INFO = INCLUDE_SOURCE;
				MTL_FAST_MATH = YES;
				ONLY_ACTIVE_ARCH = YES;
				SDKROOT = iphoneos;
				SWIFT_ACTIVE_COMPILATION_CONDITIONS = DEBUG;
				SWIFT_OPTIMIZATION_LEVEL = "-Onone";
			};
			name = Debug;
		};
		68B72C2D288B1897007293AA /* Release */ = {
			isa = XCBuildConfiguration;
			buildSettings = {
				ALWAYS_SEARCH_USER_PATHS = NO;
				CLANG_ANALYZER_NONNULL = YES;
				CLANG_ANALYZER_NUMBER_OBJECT_CONVERSION = YES_AGGRESSIVE;
				CLANG_CXX_LANGUAGE_STANDARD = "gnu++17";
				CLANG_ENABLE_MODULES = YES;
				CLANG_ENABLE_OBJC_ARC = YES;
				CLANG_ENABLE_OBJC_WEAK = YES;
				CLANG_WARN_BLOCK_CAPTURE_AUTORELEASING = YES;
				CLANG_WARN_BOOL_CONVERSION = YES;
				CLANG_WARN_COMMA = YES;
				CLANG_WARN_CONSTANT_CONVERSION = YES;
				CLANG_WARN_DEPRECATED_OBJC_IMPLEMENTATIONS = YES;
				CLANG_WARN_DIRECT_OBJC_ISA_USAGE = YES_ERROR;
				CLANG_WARN_DOCUMENTATION_COMMENTS = YES;
				CLANG_WARN_EMPTY_BODY = YES;
				CLANG_WARN_ENUM_CONVERSION = YES;
				CLANG_WARN_INFINITE_RECURSION = YES;
				CLANG_WARN_INT_CONVERSION = YES;
				CLANG_WARN_NON_LITERAL_NULL_CONVERSION = YES;
				CLANG_WARN_OBJC_IMPLICIT_RETAIN_SELF = YES;
				CLANG_WARN_OBJC_LITERAL_CONVERSION = YES;
				CLANG_WARN_OBJC_ROOT_CLASS = YES_ERROR;
				CLANG_WARN_QUOTED_INCLUDE_IN_FRAMEWORK_HEADER = YES;
				CLANG_WARN_RANGE_LOOP_ANALYSIS = YES;
				CLANG_WARN_STRICT_PROTOTYPES = YES;
				CLANG_WARN_SUSPICIOUS_MOVE = YES;
				CLANG_WARN_UNGUARDED_AVAILABILITY = YES_AGGRESSIVE;
				CLANG_WARN_UNREACHABLE_CODE = YES;
				CLANG_WARN__DUPLICATE_METHOD_MATCH = YES;
				COPY_PHASE_STRIP = NO;
				DEBUG_INFORMATION_FORMAT = "dwarf-with-dsym";
				ENABLE_NS_ASSERTIONS = NO;
				ENABLE_STRICT_OBJC_MSGSEND = YES;
				GCC_C_LANGUAGE_STANDARD = gnu11;
				GCC_NO_COMMON_BLOCKS = YES;
				GCC_WARN_64_TO_32_BIT_CONVERSION = YES;
				GCC_WARN_ABOUT_RETURN_TYPE = YES_ERROR;
				GCC_WARN_UNDECLARED_SELECTOR = YES;
				GCC_WARN_UNINITIALIZED_AUTOS = YES_AGGRESSIVE;
				GCC_WARN_UNUSED_FUNCTION = YES;
				GCC_WARN_UNUSED_VARIABLE = YES;
				IPHONEOS_DEPLOYMENT_TARGET = 15.5;
				MTL_ENABLE_DEBUG_INFO = NO;
				MTL_FAST_MATH = YES;
				SDKROOT = iphoneos;
				SWIFT_COMPILATION_MODE = wholemodule;
				SWIFT_OPTIMIZATION_LEVEL = "-O";
				VALIDATE_PRODUCT = YES;
			};
			name = Release;
		};
		68B72C2F288B1897007293AA /* Debug */ = {
			isa = XCBuildConfiguration;
			buildSettings = {
				ASSETCATALOG_COMPILER_APPICON_NAME = AppIcon;
				ASSETCATALOG_COMPILER_GLOBAL_ACCENT_COLOR_NAME = AccentColor;
				CODE_SIGN_STYLE = Automatic;
				CURRENT_PROJECT_VERSION = 1;
				DEVELOPMENT_TEAM = PCTB5RL5K6;
				GENERATE_INFOPLIST_FILE = YES;
				INFOPLIST_FILE = gestureTrasher/Info.plist;
				INFOPLIST_KEY_UIApplicationSupportsIndirectInputEvents = YES;
				INFOPLIST_KEY_UILaunchStoryboardName = LaunchScreen;
				INFOPLIST_KEY_UIMainStoryboardFile = Main;
				INFOPLIST_KEY_UISupportedInterfaceOrientations_iPad = "UIInterfaceOrientationPortrait UIInterfaceOrientationPortraitUpsideDown UIInterfaceOrientationLandscapeLeft UIInterfaceOrientationLandscapeRight";
				INFOPLIST_KEY_UISupportedInterfaceOrientations_iPhone = "UIInterfaceOrientationPortrait UIInterfaceOrientationLandscapeLeft UIInterfaceOrientationLandscapeRight";
				LD_RUNPATH_SEARCH_PATHS = (
					"$(inherited)",
					"@executable_path/Frameworks",
				);
				MARKETING_VERSION = 1.0;
				PRODUCT_BUNDLE_IDENTIFIER = nobodylikesme.gestureTrasher;
				PRODUCT_NAME = "$(TARGET_NAME)";
				SWIFT_EMIT_LOC_STRINGS = YES;
				SWIFT_VERSION = 5.0;
				TARGETED_DEVICE_FAMILY = "1,2";
			};
			name = Debug;
		};
		68B72C30288B1897007293AA /* Release */ = {
			isa = XCBuildConfiguration;
			buildSettings = {
				ASSETCATALOG_COMPILER_APPICON_NAME = AppIcon;
				ASSETCATALOG_COMPILER_GLOBAL_ACCENT_COLOR_NAME = AccentColor;
				CODE_SIGN_STYLE = Automatic;
				CURRENT_PROJECT_VERSION = 1;
				DEVELOPMENT_TEAM = PCTB5RL5K6;
				GENERATE_INFOPLIST_FILE = YES;
				INFOPLIST_FILE = gestureTrasher/Info.plist;
				INFOPLIST_KEY_UIApplicationSupportsIndirectInputEvents = YES;
				INFOPLIST_KEY_UILaunchStoryboardName = LaunchScreen;
				INFOPLIST_KEY_UIMainStoryboardFile = Main;
				INFOPLIST_KEY_UISupportedInterfaceOrientations_iPad = "UIInterfaceOrientationPortrait UIInterfaceOrientationPortraitUpsideDown UIInterfaceOrientationLandscapeLeft UIInterfaceOrientationLandscapeRight";
				INFOPLIST_KEY_UISupportedInterfaceOrientations_iPhone = "UIInterfaceOrientationPortrait UIInterfaceOrientationLandscapeLeft UIInterfaceOrientationLandscapeRight";
				LD_RUNPATH_SEARCH_PATHS = (
					"$(inherited)",
					"@executable_path/Frameworks",
				);
				MARKETING_VERSION = 1.0;
				PRODUCT_BUNDLE_IDENTIFIER = nobodylikesme.gestureTrasher;
				PRODUCT_NAME = "$(TARGET_NAME)";
				SWIFT_EMIT_LOC_STRINGS = YES;
				SWIFT_VERSION = 5.0;
				TARGETED_DEVICE_FAMILY = "1,2";
			};
			name = Release;
		};
/* End XCBuildConfiguration section */

/* Begin XCConfigurationList section */
		68B72C15288B1895007293AA /* Build configuration list for PBXProject "gestureTrasher" */ = {
			isa = XCConfigurationList;
			buildConfigurations = (
				68B72C2C288B1897007293AA /* Debug */,
				68B72C2D288B1897007293AA /* Release */,
			);
			defaultConfigurationIsVisible = 0;
			defaultConfigurationName = Release;
		};
		68B72C2E288B1897007293AA /* Build configuration list for PBXNativeTarget "gestureTrasher" */ = {
			isa = XCConfigurationList;
			buildConfigurations = (
				68B72C2F288B1897007293AA /* Debug */,
				68B72C30288B1897007293AA /* Release */,
			);
			defaultConfigurationIsVisible = 0;
			defaultConfigurationName = Release;
		};
/* End XCConfigurationList section */
	};
	rootObject = 68B72C12288B1895007293AA /* Project object */;
}
